
Microsoft Visual Studio Solution File, Format Version 12.00
# Visual Studio Version 16
VisualStudioVersion = 16.0.31410.357
MinimumVisualStudioVersion = 10.0.40219.1
Project("{FAE04EC0-301F-11D3-BF4B-00C04F79EFBC}") = "KomdiagnostikaTest", "KomdiagnostikaTest\KomdiagnostikaTest.csproj", "{830E09D3-8FE4-46DD-AC63-543A5EC524B1}"
EndProject
Global
	GlobalSection(SolutionConfigurationPlatforms) = preSolution
		Debug|Any CPU = Debug|Any CPU
		Release|Any CPU = Release|Any CPU
	EndGlobalSection
	GlobalSection(ProjectConfigurationPlatforms) = postSolution
		{830E09D3-8FE4-46DD-AC63-543A5EC524B1}.Debug|Any CPU.ActiveCfg = Debug|Any CPU
		{830E09D3-8FE4-46DD-AC63-543A5EC524B1}.Debug|Any CPU.Build.0 = Debug|Any CPU
		{830E09D3-8FE4-46DD-AC63-543A5EC524B1}.Release|Any CPU.ActiveCfg = Release|Any CPU
		{830E09D3-8FE4-46DD-AC63-543A5EC524B1}.Release|Any CPU.Build.0 = Release|Any CPU
	EndGlobalSection
	GlobalSection(SolutionProperties) = preSolution
		HideSolutionNode = FALSE
	EndGlobalSection
	GlobalSection(ExtensibilityGlobals) = postSolution
		SolutionGuid = {25BA635A-8167-40FB-B57A-054288D44460}
	EndGlobalSection
EndGlobal
